{
  "requires": true,
  "lockfileVersion": 1,
  "dependencies": {
    "jquery": {
      "version": "3.6.0",
      "resolved": "https://registry.npmjs.org/jquery/-/jquery-3.6.0.tgz",
      "integrity": "sha512-JVzAR/AjBvVt2BmYhxRCSYysDsPcssdmTFnzyLEts9qNwmjmu4JTAMYubEfwVOSwpQ1I1sKKFcxhZCI2buerfw=="
    },
    "knockout": {
      "version": "3.5.1",
      "resolved": "https://registry.npmjs.org/knockout/-/knockout-3.5.1.tgz",
      "integrity": "sha512-wRJ9I4az0QcsH7A4v4l0enUpkS++MBx0BnL/68KaLzJg7x1qmbjSlwEoCNol7KTYZ+pmtI7Eh2J0Nu6/2Z5J/Q=="
    },
    "survey-creator": {
      "version": "1.9.20",
      "resolved": "https://registry.npmjs.org/survey-creator/-/survey-creator-1.9.20.tgz",
      "integrity": "sha512-1ukSurl6JSb8PpEOhOTjbkY1LRTqb60LArD/wBdVhYKP9AwsSYgYCUESfkFGm7oVCFEnRTVKoLZfKUWvNZ2O4Q==",
      "requires": {
        "knockout": "^3.5.0",
        "survey-knockout": "^1.9.20"
      }
    },
    "survey-knockout": {
      "version": "1.9.20",
      "resolved": "https://registry.npmjs.org/survey-knockout/-/survey-knockout-1.9.20.tgz",
      "integrity": "sha512-/mvyWAcWMZGmyFtaIqHjIRT3vMwruAdmfzjfuiwJgZoDUOxLcgyw/7dcV5L8uMtWSIRpEKWNLLiyQfRWp671/g==",
      "requires": {
        "knockout": "^3.5.1"
      }
    }
  }
}
